{
  "requires": true,
  "lockfileVersion": 1,
  "dependencies": {
    "jquery": {
      "version": "3.2.1",
      "resolved": "https://registry.npmjs.org/jquery/-/jquery-3.2.1.tgz",
      "integrity": "sha1-XE2d5lKvbNCncBVKYxu6ErAVx4c="
    },
    "lunr": {
      "version": "2.1.4",
      "resolved": "https://registry.npmjs.org/lunr/-/lunr-2.1.4.tgz",
      "integrity": "sha512-7kj5e+Tnyw+pvdOVWkx38Dic//doyVGrLtDAUb+2LK3Hc5Cy0RkR3DslNWrBh30LDFFDm8qGLeSwV9XJ6FcTpg=="
    },
    "moment": {
      "version": "2.22.2",
      "resolved": "https://registry.npmjs.org/moment/-/moment-2.22.2.tgz",
      "integrity": "sha1-PCV/mDn8DpP/UxSWMiOeuQeD/2Y="
    }
  }
}
